
Microsoft Visual Studio Solution File, Format Version 12.00
# Visual Studio 15
VisualStudioVersion = 15.0.28307.960
MinimumVisualStudioVersion = 10.0.40219.1
Project("{FAE04EC0-301F-11D3-BF4B-00C04F79EFBC}") = "GereUrgencia", "TP2-LPII-8626-9125\GereUrgencia.csproj", "{8DD91E91-149F-40A8-A072-4184F38A7D62}"
EndProject
Project("{FAE04EC0-301F-11D3-BF4B-00C04F79EFBC}") = "Excepcoes", "Excepcoes\Excepcoes.csproj", "{1DE359BE-961A-4762-BAED-7E11BB03FB01}"
EndProject
Project("{FAE04EC0-301F-11D3-BF4B-00C04F79EFBC}") = "RegrasUrgencia", "RegrasUrgencia\RegrasUrgencia.csproj", "{E969FEAE-2B90-4996-AEA4-291D133F9FE4}"
EndProject
Project("{FAE04EC0-301F-11D3-BF4B-00C04F79EFBC}") = "DadosUrgencia", "DadosUrgencia\DadosUrgencia.csproj", "{8F01E814-824E-48DF-96D4-B5646DC9B759}"
EndProject
Project("{FAE04EC0-301F-11D3-BF4B-00C04F79EFBC}") = "ObjetosUrgencia", "ObjetosUrgencia\ObjetosUrgencia.csproj", "{00A13967-D8CD-4BC5-B201-4AB971D87E5F}"
EndProject
Global
	GlobalSection(SolutionConfigurationPlatforms) = preSolution
		Debug|Any CPU = Debug|Any CPU
		Release|Any CPU = Release|Any CPU
	EndGlobalSection
	GlobalSection(ProjectConfigurationPlatforms) = postSolution
		{8DD91E91-149F-40A8-A072-4184F38A7D62}.Debug|Any CPU.ActiveCfg = Debug|Any CPU
		{8DD91E91-149F-40A8-A072-4184F38A7D62}.Debug|Any CPU.Build.0 = Debug|Any CPU
		{8DD91E91-149F-40A8-A072-4184F38A7D62}.Release|Any CPU.ActiveCfg = Release|Any CPU
		{8DD91E91-149F-40A8-A072-4184F38A7D62}.Release|Any CPU.Build.0 = Release|Any CPU
		{1DE359BE-961A-4762-BAED-7E11BB03FB01}.Debug|Any CPU.ActiveCfg = Debug|Any CPU
		{1DE359BE-961A-4762-BAED-7E11BB03FB01}.Debug|Any CPU.Build.0 = Debug|Any CPU
		{1DE359BE-961A-4762-BAED-7E11BB03FB01}.Release|Any CPU.ActiveCfg = Release|Any CPU
		{1DE359BE-961A-4762-BAED-7E11BB03FB01}.Release|Any CPU.Build.0 = Release|Any CPU
		{E969FEAE-2B90-4996-AEA4-291D133F9FE4}.Debug|Any CPU.ActiveCfg = Debug|Any CPU
		{E969FEAE-2B90-4996-AEA4-291D133F9FE4}.Debug|Any CPU.Build.0 = Debug|Any CPU
		{E969FEAE-2B90-4996-AEA4-291D133F9FE4}.Release|Any CPU.ActiveCfg = Release|Any CPU
		{E969FEAE-2B90-4996-AEA4-291D133F9FE4}.Release|Any CPU.Build.0 = Release|Any CPU
		{8F01E814-824E-48DF-96D4-B5646DC9B759}.Debug|Any CPU.ActiveCfg = Debug|Any CPU
		{8F01E814-824E-48DF-96D4-B5646DC9B759}.Debug|Any CPU.Build.0 = Debug|Any CPU
		{8F01E814-824E-48DF-96D4-B5646DC9B759}.Release|Any CPU.ActiveCfg = Release|Any CPU
		{8F01E814-824E-48DF-96D4-B5646DC9B759}.Release|Any CPU.Build.0 = Release|Any CPU
		{00A13967-D8CD-4BC5-B201-4AB971D87E5F}.Debug|Any CPU.ActiveCfg = Debug|Any CPU
		{00A13967-D8CD-4BC5-B201-4AB971D87E5F}.Debug|Any CPU.Build.0 = Debug|Any CPU
		{00A13967-D8CD-4BC5-B201-4AB971D87E5F}.Release|Any CPU.ActiveCfg = Release|Any CPU
		{00A13967-D8CD-4BC5-B201-4AB971D87E5F}.Release|Any CPU.Build.0 = Release|Any CPU
	EndGlobalSection
	GlobalSection(SolutionProperties) = preSolution
		HideSolutionNode = FALSE
	EndGlobalSection
	GlobalSection(ExtensibilityGlobals) = postSolution
		SolutionGuid = {3A982048-28F8-455F-BAFE-870F209383BD}
	EndGlobalSection
EndGlobal
